// !$*UTF8*$!
{
	archiveVersion = 1;
	classes = {
	};
	objectVersion = 55;
	objects = {

/* Begin PBXBuildFile section */
		9F0B558D281AC9A900197784 /* toDoListAppApp.swift in Sources */ = {isa = PBXBuildFile; fileRef = 9F0B558C281AC9A900197784 /* toDoListAppApp.swift */; };
		9F0B558F281AC9A900197784 /* ContentView.swift in Sources */ = {isa = PBXBuildFile; fileRef = 9F0B558E281AC9A900197784 /* ContentView.swift */; };
		9F0B5591281AC9B100197784 /* Assets.xcassets in Resources */ = {isa = PBXBuildFile; fileRef = 9F0B5590281AC9B100197784 /* Assets.xcassets */; };
		9F0B5594281AC9B100197784 /* Preview Assets.xcassets in Resources */ = {isa = PBXBuildFile; fileRef = 9F0B5593281AC9B100197784 /* Preview Assets.xcassets */; };
		9F0B5596281AC9B100197784 /* Persistence.swift in Sources */ = {isa = PBXBuildFile; fileRef = 9F0B5595281AC9B100197784 /* Persistence.swift */; };
		9F0B5599281AC9B100197784 /* toDoListApp.xcdatamodeld in Sources */ = {isa = PBXBuildFile; fileRef = 9F0B5597281AC9B100197784 /* toDoListApp.xcdatamodeld */; };
		9F0B55A3281AC9B200197784 /* toDoListAppTests.swift in Sources */ = {isa = PBXBuildFile; fileRef = 9F0B55A2281AC9B200197784 /* toDoListAppTests.swift */; };
		9F0B55AD281AC9B200197784 /* toDoListAppUITests.swift in Sources */ = {isa = PBXBuildFile; fileRef = 9F0B55AC281AC9B200197784 /* toDoListAppUITests.swift */; };
		9F0B55AF281AC9B200197784 /* toDoListAppUITestsLaunchTests.swift in Sources */ = {isa = PBXBuildFile; fileRef = 9F0B55AE281AC9B200197784 /* toDoListAppUITestsLaunchTests.swift */; };
		9F0B55BC281D315800197784 /* HomeView.swift in Sources */ = {isa = PBXBuildFile; fileRef = 9F0B55BB281D315800197784 /* HomeView.swift */; };
		9F0B55BF281D5F5E00197784 /* AddTaskView.swift in Sources */ = {isa = PBXBuildFile; fileRef = 9F0B55BE281D5F5E00197784 /* AddTaskView.swift */; };
		9F69F4BA281FBA9800FA58A0 /* EditTaskView.swift in Sources */ = {isa = PBXBuildFile; fileRef = 9F69F4B9281FBA9800FA58A0 /* EditTaskView.swift */; };
		9F83CEF52822627000F51B49 /* SettingView.swift in Sources */ = {isa = PBXBuildFile; fileRef = 9F83CEF42822627000F51B49 /* SettingView.swift */; };
/* End PBXBuildFile section */

/* Begin PBXContainerItemProxy section */
		9F0B559F281AC9B200197784 /* PBXContainerItemProxy */ = {
			isa = PBXContainerItemProxy;
			containerPortal = 9F0B5581281AC9A900197784 /* Project object */;
			proxyType = 1;
			remoteGlobalIDString = 9F0B5588281AC9A900197784;
			remoteInfo = toDoListApp;
		};
		9F0B55A9281AC9B200197784 /* PBXContainerItemProxy */ = {
			isa = PBXContainerItemProxy;
			containerPortal = 9F0B5581281AC9A900197784 /* Project object */;
			proxyType = 1;
			remoteGlobalIDString = 9F0B5588281AC9A900197784;
			remoteInfo = toDoListApp;
		};
/* End PBXContainerItemProxy section */

/* Begin PBXFileReference section */
		9F0B5589281AC9A900197784 /* toDoListApp.app */ = {isa = PBXFileReference; explicitFileType = wrapper.application; includeInIndex = 0; path = toDoListApp.app; sourceTree = BUILT_PRODUCTS_DIR; };
		9F0B558C281AC9A900197784 /* toDoListAppApp.swift */ = {isa = PBXFileReference; lastKnownFileType = sourcecode.swift; path = toDoListAppApp.swift; sourceTree = "<group>"; };
		9F0B558E281AC9A900197784 /* ContentView.swift */ = {isa = PBXFileReference; lastKnownFileType = sourcecode.swift; path = ContentView.swift; sourceTree = "<group>"; };
		9F0B5590281AC9B100197784 /* Assets.xcassets */ = {isa = PBXFileReference; lastKnownFileType = folder.assetcatalog; path = Assets.xcassets; sourceTree = "<group>"; };
		9F0B5593281AC9B100197784 /* Preview Assets.xcassets */ = {isa = PBXFileReference; lastKnownFileType = folder.assetcatalog; path = "Preview Assets.xcassets"; sourceTree = "<group>"; };
		9F0B5595281AC9B100197784 /* Persistence.swift */ = {isa = PBXFileReference; lastKnownFileType = sourcecode.swift; path = Persistence.swift; sourceTree = "<group>"; };
		9F0B5598281AC9B100197784 /* toDoListApp.xcdatamodel */ = {isa = PBXFileReference; lastKnownFileType = wrapper.xcdatamodel; path = toDoListApp.xcdatamodel; sourceTree = "<group>"; };
		9F0B559E281AC9B200197784 /* toDoListAppTests.xctest */ = {isa = PBXFileReference; explicitFileType = wrapper.cfbundle; includeInIndex = 0; path = toDoListAppTests.xctest; sourceTree = BUILT_PRODUCTS_DIR; };
		9F0B55A2281AC9B200197784 /* toDoListAppTests.swift */ = {isa = PBXFileReference; lastKnownFileType = sourcecode.swift; path = toDoListAppTests.swift; sourceTree = "<group>"; };
		9F0B55A8281AC9B200197784 /* toDoListAppUITests.xctest */ = {isa = PBXFileReference; explicitFileType = wrapper.cfbundle; includeInIndex = 0; path = toDoListAppUITests.xctest; sourceTree = BUILT_PRODUCTS_DIR; };
		9F0B55AC281AC9B200197784 /* toDoListAppUITests.swift */ = {isa = PBXFileReference; lastKnownFileType = sourcecode.swift; path = toDoListAppUITests.swift; sourceTree = "<group>"; };
		9F0B55AE281AC9B200197784 /* toDoListAppUITestsLaunchTests.swift */ = {isa = PBXFileReference; lastKnownFileType = sourcecode.swift; path = toDoListAppUITestsLaunchTests.swift; sourceTree = "<group>"; };
		9F0B55BB281D315800197784 /* HomeView.swift */ = {isa = PBXFileReference; lastKnownFileType = sourcecode.swift; path = HomeView.swift; sourceTree = "<group>"; };
		9F0B55BE281D5F5E00197784 /* AddTaskView.swift */ = {isa = PBXFileReference; lastKnownFileType = sourcecode.swift; path = AddTaskView.swift; sourceTree = "<group>"; };
		9F69F4B9281FBA9800FA58A0 /* EditTaskView.swift */ = {isa = PBXFileReference; lastKnownFileType = sourcecode.swift; path = EditTaskView.swift; sourceTree = "<group>"; };
		9F83CEF42822627000F51B49 /* SettingView.swift */ = {isa = PBXFileReference; lastKnownFileType = sourcecode.swift; path = SettingView.swift; sourceTree = "<group>"; };
/* End PBXFileReference section */

/* Begin PBXFrameworksBuildPhase section */
		9F0B5586281AC9A900197784 /* Frameworks */ = {
			isa = PBXFrameworksBuildPhase;
			buildActionMask = 2147483647;
			files = (
			);
			runOnlyForDeploymentPostprocessing = 0;
		};
		9F0B559B281AC9B200197784 /* Frameworks */ = {
			isa = PBXFrameworksBuildPhase;
			buildActionMask = 2147483647;
			files = (
			);
			runOnlyForDeploymentPostprocessing = 0;
		};
		9F0B55A5281AC9B200197784 /* Frameworks */ = {
			isa = PBXFrameworksBuildPhase;
			buildActionMask = 2147483647;
			files = (
			);
			runOnlyForDeploymentPostprocessing = 0;
		};
/* End PBXFrameworksBuildPhase section */

/* Begin PBXGroup section */
		9F0B5580281AC9A900197784 = {
			isa = PBXGroup;
			children = (
				9F0B558B281AC9A900197784 /* toDoListApp */,
				9F0B55A1281AC9B200197784 /* toDoListAppTests */,
				9F0B55AB281AC9B200197784 /* toDoListAppUITests */,
				9F0B558A281AC9A900197784 /* Products */,
			);
			sourceTree = "<group>";
		};
		9F0B558A281AC9A900197784 /* Products */ = {
			isa = PBXGroup;
			children = (
				9F0B5589281AC9A900197784 /* toDoListApp.app */,
				9F0B559E281AC9B200197784 /* toDoListAppTests.xctest */,
				9F0B55A8281AC9B200197784 /* toDoListAppUITests.xctest */,
			);
			name = Products;
			sourceTree = "<group>";
		};
		9F0B558B281AC9A900197784 /* toDoListApp */ = {
			isa = PBXGroup;
			children = (
				9F0B55BD281D5F1E00197784 /* Views */,
				9F0B558C281AC9A900197784 /* toDoListAppApp.swift */,
				9F0B558E281AC9A900197784 /* ContentView.swift */,
				9F0B5590281AC9B100197784 /* Assets.xcassets */,
				9F0B5595281AC9B100197784 /* Persistence.swift */,
				9F0B5597281AC9B100197784 /* toDoListApp.xcdatamodeld */,
				9F0B5592281AC9B100197784 /* Preview Content */,
			);
			path = toDoListApp;
			sourceTree = "<group>";
		};
		9F0B5592281AC9B100197784 /* Preview Content */ = {
			isa = PBXGroup;
			children = (
				9F0B5593281AC9B100197784 /* Preview Assets.xcassets */,
			);
			path = "Preview Content";
			sourceTree = "<group>";
		};
		9F0B55A1281AC9B200197784 /* toDoListAppTests */ = {
			isa = PBXGroup;
			children = (
				9F0B55A2281AC9B200197784 /* toDoListAppTests.swift */,
			);
			path = toDoListAppTests;
			sourceTree = "<group>";
		};
		9F0B55AB281AC9B200197784 /* toDoListAppUITests */ = {
			isa = PBXGroup;
			children = (
				9F0B55AC281AC9B200197784 /* toDoListAppUITests.swift */,
				9F0B55AE281AC9B200197784 /* toDoListAppUITestsLaunchTests.swift */,
			);
			path = toDoListAppUITests;
			sourceTree = "<group>";
		};
		9F0B55BD281D5F1E00197784 /* Views */ = {
			isa = PBXGroup;
			children = (
				9F0B55BB281D315800197784 /* HomeView.swift */,
				9F69F4B9281FBA9800FA58A0 /* EditTaskView.swift */,
				9F83CEF42822627000F51B49 /* SettingView.swift */,
				9F0B55BE281D5F5E00197784 /* AddTaskView.swift */,
			);
			path = Views;
			sourceTree = "<group>";
		};
/* End PBXGroup section */

/* Begin PBXNativeTarget section */
		9F0B5588281AC9A900197784 /* toDoListApp */ = {
			isa = PBXNativeTarget;
			buildConfigurationList = 9F0B55B2281AC9B200197784 /* Build configuration list for PBXNativeTarget "toDoListApp" */;
			buildPhases = (
				9F0B5585281AC9A900197784 /* Sources */,
				9F0B5586281AC9A900197784 /* Frameworks */,
				9F0B5587281AC9A900197784 /* Resources */,
			);
			buildRules = (
			);
			dependencies = (
			);
			name = toDoListApp;
			productName = toDoListApp;
			productReference = 9F0B5589281AC9A900197784 /* toDoListApp.app */;
			productType = "com.apple.product-type.application";
		};
		9F0B559D281AC9B200197784 /* toDoListAppTests */ = {
			isa = PBXNativeTarget;
			buildConfigurationList = 9F0B55B5281AC9B200197784 /* Build configuration list for PBXNativeTarget "toDoListAppTests" */;
			buildPhases = (
				9F0B559A281AC9B200197784 /* Sources */,
				9F0B559B281AC9B200197784 /* Frameworks */,
				9F0B559C281AC9B200197784 /* Resources */,
			);
			buildRules = (
			);
			dependencies = (
				9F0B55A0281AC9B200197784 /* PBXTargetDependency */,
			);
			name = toDoListAppTests;
			productName = toDoListAppTests;
			productReference = 9F0B559E281AC9B200197784 /* toDoListAppTests.xctest */;
			productType = "com.apple.product-type.bundle.unit-test";
		};
		9F0B55A7281AC9B200197784 /* toDoListAppUITests */ = {
			isa = PBXNativeTarget;
			buildConfigurationList = 9F0B55B8281AC9B200197784 /* Build configuration list for PBXNativeTarget "toDoListAppUITests" */;
			buildPhases = (
				9F0B55A4281AC9B200197784 /* Sources */,
				9F0B55A5281AC9B200197784 /* Frameworks */,
				9F0B55A6281AC9B200197784 /* Resources */,
			);
			buildRules = (
			);
			dependencies = (
				9F0B55AA281AC9B200197784 /* PBXTargetDependency */,
			);
			name = toDoListAppUITests;
			productName = toDoListAppUITests;
			productReference = 9F0B55A8281AC9B200197784 /* toDoListAppUITests.xctest */;
			productType = "com.apple.product-type.bundle.ui-testing";
		};
/* End PBXNativeTarget section */

/* Begin PBXProject section */
		9F0B5581281AC9A900197784 /* Project object */ = {
			isa = PBXProject;
			attributes = {
				BuildIndependentTargetsInParallel = 1;
				LastSwiftUpdateCheck = 1330;
				LastUpgradeCheck = 1330;
				TargetAttributes = {
					9F0B5588281AC9A900197784 = {
						CreatedOnToolsVersion = 13.3;
					};
					9F0B559D281AC9B200197784 = {
						CreatedOnToolsVersion = 13.3;
						TestTargetID = 9F0B5588281AC9A900197784;
					};
					9F0B55A7281AC9B200197784 = {
						CreatedOnToolsVersion = 13.3;
						TestTargetID = 9F0B5588281AC9A900197784;
					};
				};
			};
			buildConfigurationList = 9F0B5584281AC9A900197784 /* Build configuration list for PBXProject "toDoListApp" */;
			compatibilityVersion = "Xcode 13.0";
			developmentRegion = en;
			hasScannedForEncodings = 0;
			knownRegions = (
				en,
				Base,
			);
			mainGroup = 9F0B5580281AC9A900197784;
			productRefGroup = 9F0B558A281AC9A900197784 /* Products */;
			projectDirPath = "";
			projectRoot = "";
			targets = (
				9F0B5588281AC9A900197784 /* toDoListApp */,
				9F0B559D281AC9B200197784 /* toDoListAppTests */,
				9F0B55A7281AC9B200197784 /* toDoListAppUITests */,
			);
		};
/* End PBXProject section */

/* Begin PBXResourcesBuildPhase section */
		9F0B5587281AC9A900197784 /* Resources */ = {
			isa = PBXResourcesBuildPhase;
			buildActionMask = 2147483647;
			files = (
				9F0B5594281AC9B100197784 /* Preview Assets.xcassets in Resources */,
				9F0B5591281AC9B100197784 /* Assets.xcassets in Resources */,
			);
			runOnlyForDeploymentPostprocessing = 0;
		};
		9F0B559C281AC9B200197784 /* Resources */ = {
			isa = PBXResourcesBuildPhase;
			buildActionMask = 2147483647;
			files = (
			);
			runOnlyForDeploymentPostprocessing = 0;
		};
		9F0B55A6281AC9B200197784 /* Resources */ = {
			isa = PBXResourcesBuildPhase;
			buildActionMask = 2147483647;
			files = (
			);
			runOnlyForDeploymentPostprocessing = 0;
		};
/* End PBXResourcesBuildPhase section */

/* Begin PBXSourcesBuildPhase section */
		9F0B5585281AC9A900197784 /* Sources */ = {
			isa = PBXSourcesBuildPhase;
			buildActionMask = 2147483647;
			files = (
				9F0B5596281AC9B100197784 /* Persistence.swift in Sources */,
				9F0B55BF281D5F5E00197784 /* AddTaskView.swift in Sources */,
				9F0B558F281AC9A900197784 /* ContentView.swift in Sources */,
				9F69F4BA281FBA9800FA58A0 /* EditTaskView.swift in Sources */,
				9F0B558D281AC9A900197784 /* toDoListAppApp.swift in Sources */,
				9F83CEF52822627000F51B49 /* SettingView.swift in Sources */,
				9F0B55BC281D315800197784 /* HomeView.swift in Sources */,
				9F0B5599281AC9B100197784 /* toDoListApp.xcdatamodeld in Sources */,
			);
			runOnlyForDeploymentPostprocessing = 0;
		};
		9F0B559A281AC9B200197784 /* Sources */ = {
			isa = PBXSourcesBuildPhase;
			buildActionMask = 2147483647;
			files = (
				9F0B55A3281AC9B200197784 /* toDoListAppTests.swift in Sources */,
			);
			runOnlyForDeploymentPostprocessing = 0;
		};
		9F0B55A4281AC9B200197784 /* Sources */ = {
			isa = PBXSourcesBuildPhase;
			buildActionMask = 2147483647;
			files = (
				9F0B55AF281AC9B200197784 /* toDoListAppUITestsLaunchTests.swift in Sources */,
				9F0B55AD281AC9B200197784 /* toDoListAppUITests.swift in Sources */,
			);
			runOnlyForDeploymentPostprocessing = 0;
		};
/* End PBXSourcesBuildPhase section */

/* Begin PBXTargetDependency section */
		9F0B55A0281AC9B200197784 /* PBXTargetDependency */ = {
			isa = PBXTargetDependency;
			target = 9F0B5588281AC9A900197784 /* toDoListApp */;
			targetProxy = 9F0B559F281AC9B200197784 /* PBXContainerItemProxy */;
		};
		9F0B55AA281AC9B200197784 /* PBXTargetDependency */ = {
			isa = PBXTargetDependency;
			target = 9F0B5588281AC9A900197784 /* toDoListApp */;
			targetProxy = 9F0B55A9281AC9B200197784 /* PBXContainerItemProxy */;
		};
/* End PBXTargetDependency section */

/* Begin XCBuildConfiguration section */
		9F0B55B0281AC9B200197784 /* Debug */ = {
			isa = XCBuildConfiguration;
			buildSettings = {
				ALWAYS_SEARCH_USER_PATHS = NO;
				CLANG_ANALYZER_NONNULL = YES;
				CLANG_ANALYZER_NUMBER_OBJECT_CONVERSION = YES_AGGRESSIVE;
				CLANG_CXX_LANGUAGE_STANDARD = "gnu++17";
				CLANG_ENABLE_MODULES = YES;
				CLANG_ENABLE_OBJC_ARC = YES;
				CLANG_ENABLE_OBJC_WEAK = YES;
				CLANG_WARN_BLOCK_CAPTURE_AUTORELEASING = YES;
				CLANG_WARN_BOOL_CONVERSION = YES;
				CLANG_WARN_COMMA = YES;
				CLANG_WARN_CONSTANT_CONVERSION = YES;
				CLANG_WARN_DEPRECATED_OBJC_IMPLEMENTATIONS = YES;
				CLANG_WARN_DIRECT_OBJC_ISA_USAGE = YES_ERROR;
				CLANG_WARN_DOCUMENTATION_COMMENTS = YES;
				CLANG_WARN_EMPTY_BODY = YES;
				CLANG_WARN_ENUM_CONVERSION = YES;
				CLANG_WARN_INFINITE_RECURSION = YES;
				CLANG_WARN_INT_CONVERSION = YES;
				CLANG_WARN_NON_LITERAL_NULL_CONVERSION = YES;
				CLANG_WARN_OBJC_IMPLICIT_RETAIN_SELF = YES;
				CLANG_WARN_OBJC_LITERAL_CONVERSION = YES;
				CLANG_WARN_OBJC_ROOT_CLASS = YES_ERROR;
				CLANG_WARN_QUOTED_INCLUDE_IN_FRAMEWORK_HEADER = YES;
				CLANG_WARN_RANGE_LOOP_ANALYSIS = YES;
				CLANG_WARN_STRICT_PROTOTYPES = YES;
				CLANG_WARN_SUSPICIOUS_MOVE = YES;
				CLANG_WARN_UNGUARDED_AVAILABILITY = YES_AGGRESSIVE;
				CLANG_WARN_UNREACHABLE_CODE = YES;
				CLANG_WARN__DUPLICATE_METHOD_MATCH = YES;
				COPY_PHASE_STRIP = NO;
				DEBUG_INFORMATION_FORMAT = dwarf;
				ENABLE_STRICT_OBJC_MSGSEND = YES;
				ENABLE_TESTABILITY = YES;
				GCC_C_LANGUAGE_STANDARD = gnu11;
				GCC_DYNAMIC_NO_PIC = NO;
				GCC_NO_COMMON_BLOCKS = YES;
				GCC_OPTIMIZATION_LEVEL = 0;
				GCC_PREPROCESSOR_DEFINITIONS = (
					"DEBUG=1",
					"$(inherited)",
				);
				GCC_WARN_64_TO_32_BIT_CONVERSION = YES;
				GCC_WARN_ABOUT_RETURN_TYPE = YES_ERROR;
				GCC_WARN_UNDECLARED_SELECTOR = YES;
				GCC_WARN_UNINITIALIZED_AUTOS = YES_AGGRESSIVE;
				GCC_WARN_UNUSED_FUNCTION = YES;
				GCC_WARN_UNUSED_VARIABLE = YES;
				IPHONEOS_DEPLOYMENT_TARGET = 15.4;
				MTL_ENABLE_DEBUG_INFO = INCLUDE_SOURCE;
				MTL_FAST_MATH = YES;
				ONLY_ACTIVE_ARCH = YES;
				SDKROOT = iphoneos;
				SWIFT_ACTIVE_COMPILATION_CONDITIONS = DEBUG;
				SWIFT_OPTIMIZATION_LEVEL = "-Onone";
			};
			name = Debug;
		};
		9F0B55B1281AC9B200197784 /* Release */ = {
			isa = XCBuildConfiguration;
			buildSettings = {
				ALWAYS_SEARCH_USER_PATHS = NO;
				CLANG_ANALYZER_NONNULL = YES;
				CLANG_ANALYZER_NUMBER_OBJECT_CONVERSION = YES_AGGRESSIVE;
				CLANG_CXX_LANGUAGE_STANDARD = "gnu++17";
				CLANG_ENABLE_MODULES = YES;
				CLANG_ENABLE_OBJC_ARC = YES;
				CLANG_ENABLE_OBJC_WEAK = YES;
				CLANG_WARN_BLOCK_CAPTURE_AUTORELEASING = YES;
				CLANG_WARN_BOOL_CONVERSION = YES;
				CLANG_WARN_COMMA = YES;
				CLANG_WARN_CONSTANT_CONVERSION = YES;
				CLANG_WARN_DEPRECATED_OBJC_IMPLEMENTATIONS = YES;
				CLANG_WARN_DIRECT_OBJC_ISA_USAGE = YES_ERROR;
				CLANG_WARN_DOCUMENTATION_COMMENTS = YES;
				CLANG_WARN_EMPTY_BODY = YES;
				CLANG_WARN_ENUM_CONVERSION = YES;
				CLANG_WARN_INFINITE_RECURSION = YES;
				CLANG_WARN_INT_CONVERSION = YES;
				CLANG_WARN_NON_LITERAL_NULL_CONVERSION = YES;
				CLANG_WARN_OBJC_IMPLICIT_RETAIN_SELF = YES;
				CLANG_WARN_OBJC_LITERAL_CONVERSION = YES;
				CLANG_WARN_OBJC_ROOT_CLASS = YES_ERROR;
				CLANG_WARN_QUOTED_INCLUDE_IN_FRAMEWORK_HEADER = YES;
				CLANG_WARN_RANGE_LOOP_ANALYSIS = YES;
				CLANG_WARN_STRICT_PROTOTYPES = YES;
				CLANG_WARN_SUSPICIOUS_MOVE = YES;
				CLANG_WARN_UNGUARDED_AVAILABILITY = YES_AGGRESSIVE;
				CLANG_WARN_UNREACHABLE_CODE = YES;
				CLANG_WARN__DUPLICATE_METHOD_MATCH = YES;
				COPY_PHASE_STRIP = NO;
				DEBUG_INFORMATION_FORMAT = "dwarf-with-dsym";
				ENABLE_NS_ASSERTIONS = NO;
				ENABLE_STRICT_OBJC_MSGSEND = YES;
				GCC_C_LANGUAGE_STANDARD = gnu11;
				GCC_NO_COMMON_BLOCKS = YES;
				GCC_WARN_64_TO_32_BIT_CONVERSION = YES;
				GCC_WARN_ABOUT_RETURN_TYPE = YES_ERROR;
				GCC_WARN_UNDECLARED_SELECTOR = YES;
				GCC_WARN_UNINITIALIZED_AUTOS = YES_AGGRESSIVE;
				GCC_WARN_UNUSED_FUNCTION = YES;
				GCC_WARN_UNUSED_VARIABLE = YES;
				IPHONEOS_DEPLOYMENT_TARGET = 15.4;
				MTL_ENABLE_DEBUG_INFO = NO;
				MTL_FAST_MATH = YES;
				SDKROOT = iphoneos;
				SWIFT_COMPILATION_MODE = wholemodule;
				SWIFT_OPTIMIZATION_LEVEL = "-O";
				VALIDATE_PRODUCT = YES;
			};
			name = Release;
		};
		9F0B55B3281AC9B200197784 /* Debug */ = {
			isa = XCBuildConfiguration;
			buildSettings = {
				ASSETCATALOG_COMPILER_APPICON_NAME = AppIcon;
				ASSETCATALOG_COMPILER_GLOBAL_ACCENT_COLOR_NAME = AccentColor;
				CODE_SIGN_STYLE = Automatic;
				CURRENT_PROJECT_VERSION = 1;
				DEVELOPMENT_ASSET_PATHS = "\"toDoListApp/Preview Content\"";
				DEVELOPMENT_TEAM = CK8NZGW62V;
				ENABLE_PREVIEWS = YES;
				GENERATE_INFOPLIST_FILE = YES;
				INFOPLIST_KEY_UIApplicationSceneManifest_Generation = YES;
				INFOPLIST_KEY_UIApplicationSupportsIndirectInputEvents = YES;
				INFOPLIST_KEY_UILaunchScreen_Generation = YES;
				INFOPLIST_KEY_UISupportedInterfaceOrientations_iPad = "UIInterfaceOrientationPortrait UIInterfaceOrientationPortraitUpsideDown UIInterfaceOrientationLandscapeLeft UIInterfaceOrientationLandscapeRight";
				INFOPLIST_KEY_UISupportedInterfaceOrientations_iPhone = "UIInterfaceOrientationPortrait UIInterfaceOrientationLandscapeLeft UIInterfaceOrientationLandscapeRight";
				IPHONEOS_DEPLOYMENT_TARGET = 15.0;
				LD_RUNPATH_SEARCH_PATHS = (
					"$(inherited)",
					"@executable_path/Frameworks",
				);
				MARKETING_VERSION = 1.0;
				PRODUCT_BUNDLE_IDENTIFIER = jp.ac.kyusanu.toDoListApp;
				PRODUCT_NAME = "$(TARGET_NAME)";
				SWIFT_EMIT_LOC_STRINGS = YES;
				SWIFT_VERSION = 5.0;
				TARGETED_DEVICE_FAMILY = "1,2";
			};
			name = Debug;
		};
		9F0B55B4281AC9B200197784 /* Release */ = {
			isa = XCBuildConfiguration;
			buildSettings = {
				ASSETCATALOG_COMPILER_APPICON_NAME = AppIcon;
				ASSETCATALOG_COMPILER_GLOBAL_ACCENT_COLOR_NAME = AccentColor;
				CODE_SIGN_STYLE = Automatic;
				CURRENT_PROJECT_VERSION = 1;
				DEVELOPMENT_ASSET_PATHS = "\"toDoListApp/Preview Content\"";
				DEVELOPMENT_TEAM = CK8NZGW62V;
				ENABLE_PREVIEWS = YES;
				GENERATE_INFOPLIST_FILE = YES;
				INFOPLIST_KEY_UIApplicationSceneManifest_Generation = YES;
				INFOPLIST_KEY_UIApplicationSupportsIndirectInputEvents = YES;
				INFOPLIST_KEY_UILaunchScreen_Generation = YES;
				INFOPLIST_KEY_UISupportedInterfaceOrientations_iPad = "UIInterfaceOrientationPortrait UIInterfaceOrientationPortraitUpsideDown UIInterfaceOrientationLandscapeLeft UIInterfaceOrientationLandscapeRight";
				INFOPLIST_KEY_UISupportedInterfaceOrientations_iPhone = "UIInterfaceOrientationPortrait UIInterfaceOrientationLandscapeLeft UIInterfaceOrientationLandscapeRight";
				IPHONEOS_DEPLOYMENT_TARGET = 15.0;
				LD_RUNPATH_SEARCH_PATHS = (
					"$(inherited)",
					"@executable_path/Frameworks",
				);
				MARKETING_VERSION = 1.0;
				PRODUCT_BUNDLE_IDENTIFIER = jp.ac.kyusanu.toDoListApp;
				PRODUCT_NAME = "$(TARGET_NAME)";
				SWIFT_EMIT_LOC_STRINGS = YES;
				SWIFT_VERSION = 5.0;
				TARGETED_DEVICE_FAMILY = "1,2";
			};
			name = Release;
		};
		9F0B55B6281AC9B200197784 /* Debug */ = {
			isa = XCBuildConfiguration;
			buildSettings = {
				ALWAYS_EMBED_SWIFT_STANDARD_LIBRARIES = YES;
				BUNDLE_LOADER = "$(TEST_HOST)";
				CODE_SIGN_STYLE = Automatic;
				CURRENT_PROJECT_VERSION = 1;
				DEVELOPMENT_TEAM = CK8NZGW62V;
				GENERATE_INFOPLIST_FILE = YES;
				IPHONEOS_DEPLOYMENT_TARGET = 15.4;
				MARKETING_VERSION = 1.0;
				PRODUCT_BUNDLE_IDENTIFIER = jp.ac.kyusanu.toDoListApp.toDoListAppTests;
				PRODUCT_NAME = "$(TARGET_NAME)";
				SWIFT_EMIT_LOC_STRINGS = NO;
				SWIFT_VERSION = 5.0;
				TARGETED_DEVICE_FAMILY = "1,2";
				TEST_HOST = "$(BUILT_PRODUCTS_DIR)/toDoListApp.app/toDoListApp";
			};
			name = Debug;
		};
		9F0B55B7281AC9B200197784 /* Release */ = {
			isa = XCBuildConfiguration;
			buildSettings = {
				ALWAYS_EMBED_SWIFT_STANDARD_LIBRARIES = YES;
				BUNDLE_LOADER = "$(TEST_HOST)";
				CODE_SIGN_STYLE = Automatic;
				CURRENT_PROJECT_VERSION = 1;
				DEVELOPMENT_TEAM = CK8NZGW62V;
				GENERATE_INFOPLIST_FILE = YES;
				IPHONEOS_DEPLOYMENT_TARGET = 15.4;
				MARKETING_VERSION = 1.0;
				PRODUCT_BUNDLE_IDENTIFIER = jp.ac.kyusanu.toDoListApp.toDoListAppTests;
				PRODUCT_NAME = "$(TARGET_NAME)";
				SWIFT_EMIT_LOC_STRINGS = NO;
				SWIFT_VERSION = 5.0;
				TARGETED_DEVICE_FAMILY = "1,2";
				TEST_HOST = "$(BUILT_PRODUCTS_DIR)/toDoListApp.app/toDoListApp";
			};
			name = Release;
		};
		9F0B55B9281AC9B200197784 /* Debug */ = {
			isa = XCBuildConfiguration;
			buildSettings = {
				ALWAYS_EMBED_SWIFT_STANDARD_LIBRARIES = YES;
				CODE_SIGN_STYLE = Automatic;
				CURRENT_PROJECT_VERSION = 1;
				DEVELOPMENT_TEAM = CK8NZGW62V;
				GENERATE_INFOPLIST_FILE = YES;
				MARKETING_VERSION = 1.0;
				PRODUCT_BUNDLE_IDENTIFIER = jp.ac.kyusanu.toDoListApp.toDoListAppUITests;
				PRODUCT_NAME = "$(TARGET_NAME)";
				SWIFT_EMIT_LOC_STRINGS = NO;
				SWIFT_VERSION = 5.0;
				TARGETED_DEVICE_FAMILY = "1,2";
				TEST_TARGET_NAME = toDoListApp;
			};
			name = Debug;
		};
		9F0B55BA281AC9B200197784 /* Release */ = {
			isa = XCBuildConfiguration;
			buildSettings = {
				ALWAYS_EMBED_SWIFT_STANDARD_LIBRARIES = YES;
				CODE_SIGN_STYLE = Automatic;
				CURRENT_PROJECT_VERSION = 1;
				DEVELOPMENT_TEAM = CK8NZGW62V;
				GENERATE_INFOPLIST_FILE = YES;
				MARKETING_VERSION = 1.0;
				PRODUCT_BUNDLE_IDENTIFIER = jp.ac.kyusanu.toDoListApp.toDoListAppUITests;
				PRODUCT_NAME = "$(TARGET_NAME)";
				SWIFT_EMIT_LOC_STRINGS = NO;
				SWIFT_VERSION = 5.0;
				TARGETED_DEVICE_FAMILY = "1,2";
				TEST_TARGET_NAME = toDoListApp;
			};
			name = Release;
		};
/* End XCBuildConfiguration section */

/* Begin XCConfigurationList section */
		9F0B5584281AC9A900197784 /* Build configuration list for PBXProject "toDoListApp" */ = {
			isa = XCConfigurationList;
			buildConfigurations = (
				9F0B55B0281AC9B200197784 /* Debug */,
				9F0B55B1281AC9B200197784 /* Release */,
			);
			defaultConfigurationIsVisible = 0;
			defaultConfigurationName = Release;
		};
		9F0B55B2281AC9B200197784 /* Build configuration list for PBXNativeTarget "toDoListApp" */ = {
			isa = XCConfigurationList;
			buildConfigurations = (
				9F0B55B3281AC9B200197784 /* Debug */,
				9F0B55B4281AC9B200197784 /* Release */,
			);
			defaultConfigurationIsVisible = 0;
			defaultConfigurationName = Release;
		};
		9F0B55B5281AC9B200197784 /* Build configuration list for PBXNativeTarget "toDoListAppTests" */ = {
			isa = XCConfigurationList;
			buildConfigurations = (
				9F0B55B6281AC9B200197784 /* Debug */,
				9F0B55B7281AC9B200197784 /* Release */,
			);
			defaultConfigurationIsVisible = 0;
			defaultConfigurationName = Release;
		};
		9F0B55B8281AC9B200197784 /* Build configuration list for PBXNativeTarget "toDoListAppUITests" */ = {
			isa = XCConfigurationList;
			buildConfigurations = (
				9F0B55B9281AC9B200197784 /* Debug */,
				9F0B55BA281AC9B200197784 /* Release */,
			);
			defaultConfigurationIsVisible = 0;
			defaultConfigurationName = Release;
		};
/* End XCConfigurationList section */

/* Begin XCVersionGroup section */
		9F0B5597281AC9B100197784 /* toDoListApp.xcdatamodeld */ = {
			isa = XCVersionGroup;
			children = (
				9F0B5598281AC9B100197784 /* toDoListApp.xcdatamodel */,
			);
			currentVersion = 9F0B5598281AC9B100197784 /* toDoListApp.xcdatamodel */;
			path = toDoListApp.xcdatamodeld;
			sourceTree = "<group>";
			versionGroupType = wrapper.xcdatamodel;
		};
/* End XCVersionGroup section */
	};
	rootObject = 9F0B5581281AC9A900197784 /* Project object */;
}
